
Microsoft Visual Studio Solution File, Format Version 12.00
# Visual Studio Version 17
VisualStudioVersion = 17.1.32407.343
MinimumVisualStudioVersion = 10.0.40219.1
Project("{FAE04EC0-301F-11D3-BF4B-00C04F79EFBC}") = "Lab3_c-sharp", "Lab3_c-sharp\Lab3_c-sharp.csproj", "{E169660C-15B7-466D-9D9F-ECBC03FEBC3A}"
EndProject
Global
	GlobalSection(SolutionConfigurationPlatforms) = preSolution
		Debug|Any CPU = Debug|Any CPU
		Release|Any CPU = Release|Any CPU
	EndGlobalSection
	GlobalSection(ProjectConfigurationPlatforms) = postSolution
		{E169660C-15B7-466D-9D9F-ECBC03FEBC3A}.Debug|Any CPU.ActiveCfg = Debug|Any CPU
		{E169660C-15B7-466D-9D9F-ECBC03FEBC3A}.Debug|Any CPU.Build.0 = Debug|Any CPU
		{E169660C-15B7-466D-9D9F-ECBC03FEBC3A}.Release|Any CPU.ActiveCfg = Release|Any CPU
		{E169660C-15B7-466D-9D9F-ECBC03FEBC3A}.Release|Any CPU.Build.0 = Release|Any CPU
	EndGlobalSection
	GlobalSection(SolutionProperties) = preSolution
		HideSolutionNode = FALSE
	EndGlobalSection
	GlobalSection(ExtensibilityGlobals) = postSolution
		SolutionGuid = {BBAC1807-29D5-4600-BBEC-790FBBE1605A}
	EndGlobalSection
EndGlobal
